
Microsoft Visual Studio Solution File, Format Version 12.00
# Visual Studio 15
VisualStudioVersion = 15.0.28307.960
MinimumVisualStudioVersion = 10.0.40219.1
Project("{FAE04EC0-301F-11D3-BF4B-00C04F79EFBC}") = "Midterm", "Midterm\Midterm.csproj", "{03A23E7C-7F77-4793-BD33-52C99425F2DF}"
EndProject
Global
	GlobalSection(SolutionConfigurationPlatforms) = preSolution
		Debug|Any CPU = Debug|Any CPU
		Release|Any CPU = Release|Any CPU
	EndGlobalSection
	GlobalSection(ProjectConfigurationPlatforms) = postSolution
		{03A23E7C-7F77-4793-BD33-52C99425F2DF}.Debug|Any CPU.ActiveCfg = Debug|Any CPU
		{03A23E7C-7F77-4793-BD33-52C99425F2DF}.Debug|Any CPU.Build.0 = Debug|Any CPU
		{03A23E7C-7F77-4793-BD33-52C99425F2DF}.Release|Any CPU.ActiveCfg = Release|Any CPU
		{03A23E7C-7F77-4793-BD33-52C99425F2DF}.Release|Any CPU.Build.0 = Release|Any CPU
	EndGlobalSection
	GlobalSection(SolutionProperties) = preSolution
		HideSolutionNode = FALSE
	EndGlobalSection
	GlobalSection(ExtensibilityGlobals) = postSolution
		SolutionGuid = {3AE955D9-BF11-49F2-B983-F89F6BDCA9BC}
	EndGlobalSection
EndGlobal
